
Microsoft Visual Studio Solution File, Format Version 11.00
# Visual Studio 2010
Project("{FAE04EC0-301F-11D3-BF4B-00C04F79EFBC}") = "Assembly-CSharp", "Assembly-CSharp.csproj", "{079CBFA4-4B98-5044-2C78-9B8853AC5097}"
EndProject
Project("{FAE04EC0-301F-11D3-BF4B-00C04F79EFBC}") = "Assembly-CSharp-Editor", "Assembly-CSharp-Editor.csproj", "{C6EDACFF-9D05-837B-DCB8-E2DF3861C892}"
EndProject
Global
	GlobalSection(SolutionConfigurationPlatforms) = preSolution
		Debug|Any CPU = Debug|Any CPU
		Release|Any CPU = Release|Any CPU
	EndGlobalSection
	GlobalSection(ProjectConfigurationPlatforms) = postSolution
		{079CBFA4-4B98-5044-2C78-9B8853AC5097}.Debug|Any CPU.ActiveCfg = Debug|Any CPU
		{079CBFA4-4B98-5044-2C78-9B8853AC5097}.Debug|Any CPU.Build.0 = Debug|Any CPU
		{079CBFA4-4B98-5044-2C78-9B8853AC5097}.Release|Any CPU.ActiveCfg = Release|Any CPU
		{079CBFA4-4B98-5044-2C78-9B8853AC5097}.Release|Any CPU.Build.0 = Release|Any CPU
		{C6EDACFF-9D05-837B-DCB8-E2DF3861C892}.Debug|Any CPU.ActiveCfg = Debug|Any CPU
		{C6EDACFF-9D05-837B-DCB8-E2DF3861C892}.Debug|Any CPU.Build.0 = Debug|Any CPU
		{C6EDACFF-9D05-837B-DCB8-E2DF3861C892}.Release|Any CPU.ActiveCfg = Release|Any CPU
		{C6EDACFF-9D05-837B-DCB8-E2DF3861C892}.Release|Any CPU.Build.0 = Release|Any CPU
	EndGlobalSection
	GlobalSection(SolutionProperties) = preSolution
		HideSolutionNode = FALSE
	EndGlobalSection
EndGlobal
